
Microsoft Visual Studio Solution File, Format Version 12.00
# Visual Studio Version 17
VisualStudioVersion = 17.8.34525.116
MinimumVisualStudioVersion = 10.0.40219.1
Project("{FAE04EC0-301F-11D3-BF4B-00C04F79EFBC}") = "APIFun", "APIFun.csproj", "{562E4CAE-6118-4C98-AE2D-329D20A95FEC}"
EndProject
Global
	GlobalSection(SolutionConfigurationPlatforms) = preSolution
		Debug|Any CPU = Debug|Any CPU
		Release|Any CPU = Release|Any CPU
	EndGlobalSection
	GlobalSection(ProjectConfigurationPlatforms) = postSolution
		{562E4CAE-6118-4C98-AE2D-329D20A95FEC}.Debug|Any CPU.ActiveCfg = Debug|Any CPU
		{562E4CAE-6118-4C98-AE2D-329D20A95FEC}.Debug|Any CPU.Build.0 = Debug|Any CPU
		{562E4CAE-6118-4C98-AE2D-329D20A95FEC}.Release|Any CPU.ActiveCfg = Release|Any CPU
		{562E4CAE-6118-4C98-AE2D-329D20A95FEC}.Release|Any CPU.Build.0 = Release|Any CPU
	EndGlobalSection
	GlobalSection(SolutionProperties) = preSolution
		HideSolutionNode = FALSE
	EndGlobalSection
	GlobalSection(ExtensibilityGlobals) = postSolution
		SolutionGuid = {48E33BE7-F03C-471A-9484-9AB4CC77756B}
	EndGlobalSection
EndGlobal
